
Microsoft Visual Studio Solution File, Format Version 12.00
# Visual Studio 15
VisualStudioVersion = 15.0.28010.2026
MinimumVisualStudioVersion = 10.0.40219.1
Project("{9A19103F-16F7-4668-BE54-9A1E7A4F7556}") = "WelfareDenmarkLiveMap", "WelfareDenmarkLiveMap\WelfareDenmarkLiveMap.csproj", "{149EFA6B-688E-43EF-8117-C07B8D507A01}"
EndProject
Project("{9A19103F-16F7-4668-BE54-9A1E7A4F7556}") = "API", "API\API.csproj", "{A0D8D7D1-0CDF-40CE-BF32-0F6187E0ACB5}"
EndProject
Project("{E53339B2-1760-4266-BCC7-CA923CBCF16C}") = "docker-compose", "docker-compose.dcproj", "{EBD991F9-75C7-45D2-AE28-908A28D5F6EB}"
EndProject
Global
	GlobalSection(SolutionConfigurationPlatforms) = preSolution
		Debug|Any CPU = Debug|Any CPU
		Release|Any CPU = Release|Any CPU
	EndGlobalSection
	GlobalSection(ProjectConfigurationPlatforms) = postSolution
		{149EFA6B-688E-43EF-8117-C07B8D507A01}.Debug|Any CPU.ActiveCfg = Debug|Any CPU
		{149EFA6B-688E-43EF-8117-C07B8D507A01}.Debug|Any CPU.Build.0 = Debug|Any CPU
		{149EFA6B-688E-43EF-8117-C07B8D507A01}.Release|Any CPU.ActiveCfg = Release|Any CPU
		{149EFA6B-688E-43EF-8117-C07B8D507A01}.Release|Any CPU.Build.0 = Release|Any CPU
		{A0D8D7D1-0CDF-40CE-BF32-0F6187E0ACB5}.Debug|Any CPU.ActiveCfg = Debug|Any CPU
		{A0D8D7D1-0CDF-40CE-BF32-0F6187E0ACB5}.Debug|Any CPU.Build.0 = Debug|Any CPU
		{A0D8D7D1-0CDF-40CE-BF32-0F6187E0ACB5}.Release|Any CPU.ActiveCfg = Release|Any CPU
		{A0D8D7D1-0CDF-40CE-BF32-0F6187E0ACB5}.Release|Any CPU.Build.0 = Release|Any CPU
		{EBD991F9-75C7-45D2-AE28-908A28D5F6EB}.Debug|Any CPU.ActiveCfg = Debug|Any CPU
		{EBD991F9-75C7-45D2-AE28-908A28D5F6EB}.Debug|Any CPU.Build.0 = Debug|Any CPU
		{EBD991F9-75C7-45D2-AE28-908A28D5F6EB}.Release|Any CPU.ActiveCfg = Release|Any CPU
		{EBD991F9-75C7-45D2-AE28-908A28D5F6EB}.Release|Any CPU.Build.0 = Release|Any CPU
	EndGlobalSection
	GlobalSection(SolutionProperties) = preSolution
		HideSolutionNode = FALSE
	EndGlobalSection
	GlobalSection(ExtensibilityGlobals) = postSolution
		SolutionGuid = {F21E9096-FC82-4135-A3E1-916286628C1B}
	EndGlobalSection
EndGlobal
